// !$*UTF8*$!
{
	archiveVersion = 1;
	classes = {
	};
	objectVersion = 46;
	objects = {

/* Begin PBXBuildFile section */
		048E81361C86961600EE7A80 /* main.m in Sources */ = {isa = PBXBuildFile; fileRef = 048E81351C86961600EE7A80 /* main.m */; };
		048E81391C86961600EE7A80 /* AppDelegate.m in Sources */ = {isa = PBXBuildFile; fileRef = 048E81381C86961600EE7A80 /* AppDelegate.m */; };
		048E813C1C86961600EE7A80 /* ViewController.m in Sources */ = {isa = PBXBuildFile; fileRef = 048E813B1C86961600EE7A80 /* ViewController.m */; };
		048E813F1C86961600EE7A80 /* Main.storyboard in Resources */ = {isa = PBXBuildFile; fileRef = 048E813D1C86961600EE7A80 /* Main.storyboard */; };
		048E81411C86961600EE7A80 /* Assets.xcassets in Resources */ = {isa = PBXBuildFile; fileRef = 048E81401C86961600EE7A80 /* Assets.xcassets */; };
		048E81441C86961600EE7A80 /* LaunchScreen.storyboard in Resources */ = {isa = PBXBuildFile; fileRef = 048E81421C86961600EE7A80 /* LaunchScreen.storyboard */; };
		048E814F1C86961600EE7A80 /* HYTabBtnControllerTests.m in Sources */ = {isa = PBXBuildFile; fileRef = 048E814E1C86961600EE7A80 /* HYTabBtnControllerTests.m */; };
		048E815A1C86961600EE7A80 /* HYTabBtnControllerUITests.m in Sources */ = {isa = PBXBuildFile; fileRef = 048E81591C86961600EE7A80 /* HYTabBtnControllerUITests.m */; };
		048E81691C86965800EE7A80 /* RootViewController.m in Sources */ = {isa = PBXBuildFile; fileRef = 048E81681C86965800EE7A80 /* RootViewController.m */; };
		048E816D1C86974B00EE7A80 /* MenuPathView.m in Sources */ = {isa = PBXBuildFile; fileRef = 048E816C1C86974B00EE7A80 /* MenuPathView.m */; };
		39E48CD71EBDC8BC007AD57D /* home_calendar_normal@2x.png in Resources */ = {isa = PBXBuildFile; fileRef = 39E48C9B1EBDC8BC007AD57D /* home_calendar_normal@2x.png */; };
		39E48CD81EBDC8BC007AD57D /* home_calendar_press@2x.png in Resources */ = {isa = PBXBuildFile; fileRef = 39E48C9C1EBDC8BC007AD57D /* home_calendar_press@2x.png */; };
		39E48CD91EBDC8BC007AD57D /* home_evaluate_normal@2x.png in Resources */ = {isa = PBXBuildFile; fileRef = 39E48C9D1EBDC8BC007AD57D /* home_evaluate_normal@2x.png */; };
		39E48CDA1EBDC8BC007AD57D /* home_evaluate_press@2x.png in Resources */ = {isa = PBXBuildFile; fileRef = 39E48C9E1EBDC8BC007AD57D /* home_evaluate_press@2x.png */; };
		39E48CDB1EBDC8BC007AD57D /* home_menu_bg_image1@2x.png in Resources */ = {isa = PBXBuildFile; fileRef = 39E48C9F1EBDC8BC007AD57D /* home_menu_bg_image1@2x.png */; };
		39E48CDC1EBDC8BC007AD57D /* home_menu_bg_image@2x.png in Resources */ = {isa = PBXBuildFile; fileRef = 39E48CA01EBDC8BC007AD57D /* home_menu_bg_image@2x.png */; };
		39E48CDD1EBDC8BC007AD57D /* home_menu_image@2x.png in Resources */ = {isa = PBXBuildFile; fileRef = 39E48CA11EBDC8BC007AD57D /* home_menu_image@2x.png */; };
		39E48CDE1EBDC8BC007AD57D /* home_more_normal@2x.png in Resources */ = {isa = PBXBuildFile; fileRef = 39E48CA21EBDC8BC007AD57D /* home_more_normal@2x.png */; };
		39E48CDF1EBDC8BC007AD57D /* home_more_press@2x.png in Resources */ = {isa = PBXBuildFile; fileRef = 39E48CA31EBDC8BC007AD57D /* home_more_press@2x.png */; };
		39E48CE01EBDC8BC007AD57D /* home_product_normal@2x.png in Resources */ = {isa = PBXBuildFile; fileRef = 39E48CA41EBDC8BC007AD57D /* home_product_normal@2x.png */; };
		39E48CE11EBDC8BC007AD57D /* home_product_press@2x.png in Resources */ = {isa = PBXBuildFile; fileRef = 39E48CA51EBDC8BC007AD57D /* home_product_press@2x.png */; };
		39E48CE21EBDC8BC007AD57D /* home_statistics_normal@2x.png in Resources */ = {isa = PBXBuildFile; fileRef = 39E48CA61EBDC8BC007AD57D /* home_statistics_normal@2x.png */; };
		39E48CE31EBDC8BC007AD57D /* home_statistics_press@2x.png in Resources */ = {isa = PBXBuildFile; fileRef = 39E48CA71EBDC8BC007AD57D /* home_statistics_press@2x.png */; };
		39E48CE41EBDC8BC007AD57D /* home_test_normal@2x.png in Resources */ = {isa = PBXBuildFile; fileRef = 39E48CA81EBDC8BC007AD57D /* home_test_normal@2x.png */; };
		39E48CE51EBDC8BC007AD57D /* home_test_press@2x.png in Resources */ = {isa = PBXBuildFile; fileRef = 39E48CA91EBDC8BC007AD57D /* home_test_press@2x.png */; };
		39E48D131EBDCD57007AD57D /* OneViewController.m in Sources */ = {isa = PBXBuildFile; fileRef = 39E48D121EBDCD57007AD57D /* OneViewController.m */; };
		39E48D161EBDCD7A007AD57D /* TwoViewController.m in Sources */ = {isa = PBXBuildFile; fileRef = 39E48D151EBDCD7A007AD57D /* TwoViewController.m */; };
		39E48D191EBDCD87007AD57D /* ThreeViewController.m in Sources */ = {isa = PBXBuildFile; fileRef = 39E48D181EBDCD87007AD57D /* ThreeViewController.m */; };
		39E48D1C1EBDCD92007AD57D /* FourViewController.m in Sources */ = {isa = PBXBuildFile; fileRef = 39E48D1B1EBDCD92007AD57D /* FourViewController.m */; };
		39E48D1F1EBDCD9C007AD57D /* FiveViewController.m in Sources */ = {isa = PBXBuildFile; fileRef = 39E48D1E1EBDCD9C007AD57D /* FiveViewController.m */; };
		39E48D221EBDCEDC007AD57D /* BaseViewController.m in Sources */ = {isa = PBXBuildFile; fileRef = 39E48D211EBDCEDC007AD57D /* BaseViewController.m */; };
/* End PBXBuildFile section */

/* Begin PBXContainerItemProxy section */
		048E814B1C86961600EE7A80 /* PBXContainerItemProxy */ = {
			isa = PBXContainerItemProxy;
			containerPortal = 048E81291C86961600EE7A80 /* Project object */;
			proxyType = 1;
			remoteGlobalIDString = 048E81301C86961600EE7A80;
			remoteInfo = HYTabBtnController;
		};
		048E81561C86961600EE7A80 /* PBXContainerItemProxy */ = {
			isa = PBXContainerItemProxy;
			containerPortal = 048E81291C86961600EE7A80 /* Project object */;
			proxyType = 1;
			remoteGlobalIDString = 048E81301C86961600EE7A80;
			remoteInfo = HYTabBtnController;
		};
/* End PBXContainerItemProxy section */

/* Begin PBXFileReference section */
		048E81311C86961600EE7A80 /* HYTabBtnController.app */ = {isa = PBXFileReference; explicitFileType = wrapper.application; includeInIndex = 0; path = HYTabBtnController.app; sourceTree = BUILT_PRODUCTS_DIR; };
		048E81351C86961600EE7A80 /* main.m */ = {isa = PBXFileReference; lastKnownFileType = sourcecode.c.objc; path = main.m; sourceTree = "<group>"; };
		048E81371C86961600EE7A80 /* AppDelegate.h */ = {isa = PBXFileReference; lastKnownFileType = sourcecode.c.h; path = AppDelegate.h; sourceTree = "<group>"; };
		048E81381C86961600EE7A80 /* AppDelegate.m */ = {isa = PBXFileReference; lastKnownFileType = sourcecode.c.objc; path = AppDelegate.m; sourceTree = "<group>"; };
		048E813A1C86961600EE7A80 /* ViewController.h */ = {isa = PBXFileReference; lastKnownFileType = sourcecode.c.h; path = ViewController.h; sourceTree = "<group>"; };
		048E813B1C86961600EE7A80 /* ViewController.m */ = {isa = PBXFileReference; lastKnownFileType = sourcecode.c.objc; path = ViewController.m; sourceTree = "<group>"; };
		048E813E1C86961600EE7A80 /* Base */ = {isa = PBXFileReference; lastKnownFileType = file.storyboard; name = Base; path = Base.lproj/Main.storyboard; sourceTree = "<group>"; };
		048E81401C86961600EE7A80 /* Assets.xcassets */ = {isa = PBXFileReference; lastKnownFileType = folder.assetcatalog; path = Assets.xcassets; sourceTree = "<group>"; };
		048E81431C86961600EE7A80 /* Base */ = {isa = PBXFileReference; lastKnownFileType = file.storyboard; name = Base; path = Base.lproj/LaunchScreen.storyboard; sourceTree = "<group>"; };
		048E81451C86961600EE7A80 /* Info.plist */ = {isa = PBXFileReference; lastKnownFileType = text.plist.xml; path = Info.plist; sourceTree = "<group>"; };
		048E814A1C86961600EE7A80 /* HYTabBtnControllerTests.xctest */ = {isa = PBXFileReference; explicitFileType = wrapper.cfbundle; includeInIndex = 0; path = HYTabBtnControllerTests.xctest; sourceTree = BUILT_PRODUCTS_DIR; };
		048E814E1C86961600EE7A80 /* HYTabBtnControllerTests.m */ = {isa = PBXFileReference; lastKnownFileType = sourcecode.c.objc; path = HYTabBtnControllerTests.m; sourceTree = "<group>"; };
		048E81501C86961600EE7A80 /* Info.plist */ = {isa = PBXFileReference; lastKnownFileType = text.plist.xml; path = Info.plist; sourceTree = "<group>"; };
		048E81551C86961600EE7A80 /* HYTabBtnControllerUITests.xctest */ = {isa = PBXFileReference; explicitFileType = wrapper.cfbundle; includeInIndex = 0; path = HYTabBtnControllerUITests.xctest; sourceTree = BUILT_PRODUCTS_DIR; };
		048E81591C86961600EE7A80 /* HYTabBtnControllerUITests.m */ = {isa = PBXFileReference; lastKnownFileType = sourcecode.c.objc; path = HYTabBtnControllerUITests.m; sourceTree = "<group>"; };
		048E815B1C86961600EE7A80 /* Info.plist */ = {isa = PBXFileReference; lastKnownFileType = text.plist.xml; path = Info.plist; sourceTree = "<group>"; };
		048E81671C86965800EE7A80 /* RootViewController.h */ = {isa = PBXFileReference; fileEncoding = 4; lastKnownFileType = sourcecode.c.h; path = RootViewController.h; sourceTree = "<group>"; };
		048E81681C86965800EE7A80 /* RootViewController.m */ = {isa = PBXFileReference; fileEncoding = 4; lastKnownFileType = sourcecode.c.objc; path = RootViewController.m; sourceTree = "<group>"; };
		048E816B1C86974B00EE7A80 /* MenuPathView.h */ = {isa = PBXFileReference; fileEncoding = 4; lastKnownFileType = sourcecode.c.h; path = MenuPathView.h; sourceTree = "<group>"; };
		048E816C1C86974B00EE7A80 /* MenuPathView.m */ = {isa = PBXFileReference; fileEncoding = 4; lastKnownFileType = sourcecode.c.objc; path = MenuPathView.m; sourceTree = "<group>"; };
		39E48C9B1EBDC8BC007AD57D /* home_calendar_normal@2x.png */ = {isa = PBXFileReference; lastKnownFileType = image.png; path = "home_calendar_normal@2x.png"; sourceTree = "<group>"; };
		39E48C9C1EBDC8BC007AD57D /* home_calendar_press@2x.png */ = {isa = PBXFileReference; lastKnownFileType = image.png; path = "home_calendar_press@2x.png"; sourceTree = "<group>"; };
		39E48C9D1EBDC8BC007AD57D /* home_evaluate_normal@2x.png */ = {isa = PBXFileReference; lastKnownFileType = image.png; path = "home_evaluate_normal@2x.png"; sourceTree = "<group>"; };
		39E48C9E1EBDC8BC007AD57D /* home_evaluate_press@2x.png */ = {isa = PBXFileReference; lastKnownFileType = image.png; path = "home_evaluate_press@2x.png"; sourceTree = "<group>"; };
		39E48C9F1EBDC8BC007AD57D /* home_menu_bg_image1@2x.png */ = {isa = PBXFileReference; lastKnownFileType = image.png; path = "home_menu_bg_image1@2x.png"; sourceTree = "<group>"; };
		39E48CA01EBDC8BC007AD57D /* home_menu_bg_image@2x.png */ = {isa = PBXFileReference; lastKnownFileType = image.png; path = "home_menu_bg_image@2x.png"; sourceTree = "<group>"; };
		39E48CA11EBDC8BC007AD57D /* home_menu_image@2x.png */ = {isa = PBXFileReference; lastKnownFileType = image.png; path = "home_menu_image@2x.png"; sourceTree = "<group>"; };
		39E48CA21EBDC8BC007AD57D /* home_more_normal@2x.png */ = {isa = PBXFileReference; lastKnownFileType = image.png; path = "home_more_normal@2x.png"; sourceTree = "<group>"; };
		39E48CA31EBDC8BC007AD57D /* home_more_press@2x.png */ = {isa = PBXFileReference; lastKnownFileType = image.png; path = "home_more_press@2x.png"; sourceTree = "<group>"; };
		39E48CA41EBDC8BC007AD57D /* home_product_normal@2x.png */ = {isa = PBXFileReference; lastKnownFileType = image.png; path = "home_product_normal@2x.png"; sourceTree = "<group>"; };
		39E48CA51EBDC8BC007AD57D /* home_product_press@2x.png */ = {isa = PBXFileReference; lastKnownFileType = image.png; path = "home_product_press@2x.png"; sourceTree = "<group>"; };
		39E48CA61EBDC8BC007AD57D /* home_statistics_normal@2x.png */ = {isa = PBXFileReference; lastKnownFileType = image.png; path = "home_statistics_normal@2x.png"; sourceTree = "<group>"; };
		39E48CA71EBDC8BC007AD57D /* home_statistics_press@2x.png */ = {isa = PBXFileReference; lastKnownFileType = image.png; path = "home_statistics_press@2x.png"; sourceTree = "<group>"; };
		39E48CA81EBDC8BC007AD57D /* home_test_normal@2x.png */ = {isa = PBXFileReference; lastKnownFileType = image.png; path = "home_test_normal@2x.png"; sourceTree = "<group>"; };
		39E48CA91EBDC8BC007AD57D /* home_test_press@2x.png */ = {isa = PBXFileReference; lastKnownFileType = image.png; path = "home_test_press@2x.png"; sourceTree = "<group>"; };
		39E48D111EBDCD57007AD57D /* OneViewController.h */ = {isa = PBXFileReference; fileEncoding = 4; lastKnownFileType = sourcecode.c.h; path = OneViewController.h; sourceTree = "<group>"; };
		39E48D121EBDCD57007AD57D /* OneViewController.m */ = {isa = PBXFileReference; fileEncoding = 4; lastKnownFileType = sourcecode.c.objc; path = OneViewController.m; sourceTree = "<group>"; };
		39E48D141EBDCD7A007AD57D /* TwoViewController.h */ = {isa = PBXFileReference; fileEncoding = 4; lastKnownFileType = sourcecode.c.h; path = TwoViewController.h; sourceTree = "<group>"; };
		39E48D151EBDCD7A007AD57D /* TwoViewController.m */ = {isa = PBXFileReference; fileEncoding = 4; lastKnownFileType = sourcecode.c.objc; path = TwoViewController.m; sourceTree = "<group>"; };
		39E48D171EBDCD86007AD57D /* ThreeViewController.h */ = {isa = PBXFileReference; fileEncoding = 4; lastKnownFileType = sourcecode.c.h; path = ThreeViewController.h; sourceTree = "<group>"; };
		39E48D181EBDCD87007AD57D /* ThreeViewController.m */ = {isa = PBXFileReference; fileEncoding = 4; lastKnownFileType = sourcecode.c.objc; path = ThreeViewController.m; sourceTree = "<group>"; };
		39E48D1A1EBDCD92007AD57D /* FourViewController.h */ = {isa = PBXFileReference; fileEncoding = 4; lastKnownFileType = sourcecode.c.h; path = FourViewController.h; sourceTree = "<group>"; };
		39E48D1B1EBDCD92007AD57D /* FourViewController.m */ = {isa = PBXFileReference; fileEncoding = 4; lastKnownFileType = sourcecode.c.objc; path = FourViewController.m; sourceTree = "<group>"; };
		39E48D1D1EBDCD9C007AD57D /* FiveViewController.h */ = {isa = PBXFileReference; fileEncoding = 4; lastKnownFileType = sourcecode.c.h; path = FiveViewController.h; sourceTree = "<group>"; };
		39E48D1E1EBDCD9C007AD57D /* FiveViewController.m */ = {isa = PBXFileReference; fileEncoding = 4; lastKnownFileType = sourcecode.c.objc; path = FiveViewController.m; sourceTree = "<group>"; };
		39E48D201EBDCEDC007AD57D /* BaseViewController.h */ = {isa = PBXFileReference; fileEncoding = 4; lastKnownFileType = sourcecode.c.h; path = BaseViewController.h; sourceTree = "<group>"; };
		39E48D211EBDCEDC007AD57D /* BaseViewController.m */ = {isa = PBXFileReference; fileEncoding = 4; lastKnownFileType = sourcecode.c.objc; path = BaseViewController.m; sourceTree = "<group>"; };
/* End PBXFileReference section */

/* Begin PBXFrameworksBuildPhase section */
		048E812E1C86961600EE7A80 /* Frameworks */ = {
			isa = PBXFrameworksBuildPhase;
			buildActionMask = 2147483647;
			files = (
			);
			runOnlyForDeploymentPostprocessing = 0;
		};
		048E81471C86961600EE7A80 /* Frameworks */ = {
			isa = PBXFrameworksBuildPhase;
			buildActionMask = 2147483647;
			files = (
			);
			runOnlyForDeploymentPostprocessing = 0;
		};
		048E81521C86961600EE7A80 /* Frameworks */ = {
			isa = PBXFrameworksBuildPhase;
			buildActionMask = 2147483647;
			files = (
			);
			runOnlyForDeploymentPostprocessing = 0;
		};
/* End PBXFrameworksBuildPhase section */

/* Begin PBXGroup section */
		048E81281C86961600EE7A80 = {
			isa = PBXGroup;
			children = (
				048E81331C86961600EE7A80 /* HYTabBtnController */,
				048E814D1C86961600EE7A80 /* HYTabBtnControllerTests */,
				048E81581C86961600EE7A80 /* HYTabBtnControllerUITests */,
				048E81321C86961600EE7A80 /* Products */,
			);
			sourceTree = "<group>";
		};
		048E81321C86961600EE7A80 /* Products */ = {
			isa = PBXGroup;
			children = (
				048E81311C86961600EE7A80 /* HYTabBtnController.app */,
				048E814A1C86961600EE7A80 /* HYTabBtnControllerTests.xctest */,
				048E81551C86961600EE7A80 /* HYTabBtnControllerUITests.xctest */,
			);
			name = Products;
			sourceTree = "<group>";
		};
		048E81331C86961600EE7A80 /* HYTabBtnController */ = {
			isa = PBXGroup;
			children = (
				39E48C991EBDC8BC007AD57D /* Resource */,
				39E48D101EBDCD29007AD57D /* Controllers */,
				048E816A1C8696E800EE7A80 /* TabBtnController */,
				048E81371C86961600EE7A80 /* AppDelegate.h */,
				048E81381C86961600EE7A80 /* AppDelegate.m */,
				048E81671C86965800EE7A80 /* RootViewController.h */,
				048E81681C86965800EE7A80 /* RootViewController.m */,
				048E813A1C86961600EE7A80 /* ViewController.h */,
				048E813B1C86961600EE7A80 /* ViewController.m */,
				048E813D1C86961600EE7A80 /* Main.storyboard */,
				048E81401C86961600EE7A80 /* Assets.xcassets */,
				048E81421C86961600EE7A80 /* LaunchScreen.storyboard */,
				048E81451C86961600EE7A80 /* Info.plist */,
				048E81341C86961600EE7A80 /* Supporting Files */,
			);
			path = HYTabBtnController;
			sourceTree = "<group>";
		};
		048E81341C86961600EE7A80 /* Supporting Files */ = {
			isa = PBXGroup;
			children = (
				048E81351C86961600EE7A80 /* main.m */,
			);
			name = "Supporting Files";
			sourceTree = "<group>";
		};
		048E814D1C86961600EE7A80 /* HYTabBtnControllerTests */ = {
			isa = PBXGroup;
			children = (
				048E814E1C86961600EE7A80 /* HYTabBtnControllerTests.m */,
				048E81501C86961600EE7A80 /* Info.plist */,
			);
			path = HYTabBtnControllerTests;
			sourceTree = "<group>";
		};
		048E81581C86961600EE7A80 /* HYTabBtnControllerUITests */ = {
			isa = PBXGroup;
			children = (
				048E81591C86961600EE7A80 /* HYTabBtnControllerUITests.m */,
				048E815B1C86961600EE7A80 /* Info.plist */,
			);
			path = HYTabBtnControllerUITests;
			sourceTree = "<group>";
		};
		048E816A1C8696E800EE7A80 /* TabBtnController */ = {
			isa = PBXGroup;
			children = (
				048E816B1C86974B00EE7A80 /* MenuPathView.h */,
				048E816C1C86974B00EE7A80 /* MenuPathView.m */,
			);
			name = TabBtnController;
			sourceTree = "<group>";
		};
		39E48C991EBDC8BC007AD57D /* Resource */ = {
			isa = PBXGroup;
			children = (
				39E48C9A1EBDC8BC007AD57D /* Menu */,
			);
			path = Resource;
			sourceTree = "<group>";
		};
		39E48C9A1EBDC8BC007AD57D /* Menu */ = {
			isa = PBXGroup;
			children = (
				39E48C9B1EBDC8BC007AD57D /* home_calendar_normal@2x.png */,
				39E48C9C1EBDC8BC007AD57D /* home_calendar_press@2x.png */,
				39E48C9D1EBDC8BC007AD57D /* home_evaluate_normal@2x.png */,
				39E48C9E1EBDC8BC007AD57D /* home_evaluate_press@2x.png */,
				39E48C9F1EBDC8BC007AD57D /* home_menu_bg_image1@2x.png */,
				39E48CA01EBDC8BC007AD57D /* home_menu_bg_image@2x.png */,
				39E48CA11EBDC8BC007AD57D /* home_menu_image@2x.png */,
				39E48CA21EBDC8BC007AD57D /* home_more_normal@2x.png */,
				39E48CA31EBDC8BC007AD57D /* home_more_press@2x.png */,
				39E48CA41EBDC8BC007AD57D /* home_product_normal@2x.png */,
				39E48CA51EBDC8BC007AD57D /* home_product_press@2x.png */,
				39E48CA61EBDC8BC007AD57D /* home_statistics_normal@2x.png */,
				39E48CA71EBDC8BC007AD57D /* home_statistics_press@2x.png */,
				39E48CA81EBDC8BC007AD57D /* home_test_normal@2x.png */,
				39E48CA91EBDC8BC007AD57D /* home_test_press@2x.png */,
			);
			path = Menu;
			sourceTree = "<group>";
		};
		39E48D101EBDCD29007AD57D /* Controllers */ = {
			isa = PBXGroup;
			children = (
				39E48D201EBDCEDC007AD57D /* BaseViewController.h */,
				39E48D211EBDCEDC007AD57D /* BaseViewController.m */,
				39E48D111EBDCD57007AD57D /* OneViewController.h */,
				39E48D121EBDCD57007AD57D /* OneViewController.m */,
				39E48D141EBDCD7A007AD57D /* TwoViewController.h */,
				39E48D151EBDCD7A007AD57D /* TwoViewController.m */,
				39E48D171EBDCD86007AD57D /* ThreeViewController.h */,
				39E48D181EBDCD87007AD57D /* ThreeViewController.m */,
				39E48D1A1EBDCD92007AD57D /* FourViewController.h */,
				39E48D1B1EBDCD92007AD57D /* FourViewController.m */,
				39E48D1D1EBDCD9C007AD57D /* FiveViewController.h */,
				39E48D1E1EBDCD9C007AD57D /* FiveViewController.m */,
			);
			path = Controllers;
			sourceTree = "<group>";
		};
/* End PBXGroup section */

/* Begin PBXNativeTarget section */
		048E81301C86961600EE7A80 /* HYTabBtnController */ = {
			isa = PBXNativeTarget;
			buildConfigurationList = 048E815E1C86961600EE7A80 /* Build configuration list for PBXNativeTarget "HYTabBtnController" */;
			buildPhases = (
				048E812D1C86961600EE7A80 /* Sources */,
				048E812E1C86961600EE7A80 /* Frameworks */,
				048E812F1C86961600EE7A80 /* Resources */,
			);
			buildRules = (
			);
			dependencies = (
			);
			name = HYTabBtnController;
			productName = HYTabBtnController;
			productReference = 048E81311C86961600EE7A80 /* HYTabBtnController.app */;
			productType = "com.apple.product-type.application";
		};
		048E81491C86961600EE7A80 /* HYTabBtnControllerTests */ = {
			isa = PBXNativeTarget;
			buildConfigurationList = 048E81611C86961600EE7A80 /* Build configuration list for PBXNativeTarget "HYTabBtnControllerTests" */;
			buildPhases = (
				048E81461C86961600EE7A80 /* Sources */,
				048E81471C86961600EE7A80 /* Frameworks */,
				048E81481C86961600EE7A80 /* Resources */,
			);
			buildRules = (
			);
			dependencies = (
				048E814C1C86961600EE7A80 /* PBXTargetDependency */,
			);
			name = HYTabBtnControllerTests;
			productName = HYTabBtnControllerTests;
			productReference = 048E814A1C86961600EE7A80 /* HYTabBtnControllerTests.xctest */;
			productType = "com.apple.product-type.bundle.unit-test";
		};
		048E81541C86961600EE7A80 /* HYTabBtnControllerUITests */ = {
			isa = PBXNativeTarget;
			buildConfigurationList = 048E81641C86961600EE7A80 /* Build configuration list for PBXNativeTarget "HYTabBtnControllerUITests" */;
			buildPhases = (
				048E81511C86961600EE7A80 /* Sources */,
				048E81521C86961600EE7A80 /* Frameworks */,
				048E81531C86961600EE7A80 /* Resources */,
			);
			buildRules = (
			);
			dependencies = (
				048E81571C86961600EE7A80 /* PBXTargetDependency */,
			);
			name = HYTabBtnControllerUITests;
			productName = HYTabBtnControllerUITests;
			productReference = 048E81551C86961600EE7A80 /* HYTabBtnControllerUITests.xctest */;
			productType = "com.apple.product-type.bundle.ui-testing";
		};
/* End PBXNativeTarget section */

/* Begin PBXProject section */
		048E81291C86961600EE7A80 /* Project object */ = {
			isa = PBXProject;
			attributes = {
				LastUpgradeCheck = 0720;
				ORGANIZATIONNAME = Hoo;
				TargetAttributes = {
					048E81301C86961600EE7A80 = {
						CreatedOnToolsVersion = 7.2;
						DevelopmentTeam = 5C5VZ6884A;
					};
					048E81491C86961600EE7A80 = {
						CreatedOnToolsVersion = 7.2;
						DevelopmentTeam = 5HM8MCD8BZ;
						TestTargetID = 048E81301C86961600EE7A80;
					};
					048E81541C86961600EE7A80 = {
						CreatedOnToolsVersion = 7.2;
						DevelopmentTeam = 5HM8MCD8BZ;
						TestTargetID = 048E81301C86961600EE7A80;
					};
				};
			};
			buildConfigurationList = 048E812C1C86961600EE7A80 /* Build configuration list for PBXProject "HYTabBtnController" */;
			compatibilityVersion = "Xcode 3.2";
			developmentRegion = English;
			hasScannedForEncodings = 0;
			knownRegions = (
				en,
				Base,
			);
			mainGroup = 048E81281C86961600EE7A80;
			productRefGroup = 048E81321C86961600EE7A80 /* Products */;
			projectDirPath = "";
			projectRoot = "";
			targets = (
				048E81301C86961600EE7A80 /* HYTabBtnController */,
				048E81491C86961600EE7A80 /* HYTabBtnControllerTests */,
				048E81541C86961600EE7A80 /* HYTabBtnControllerUITests */,
			);
		};
/* End PBXProject section */

/* Begin PBXResourcesBuildPhase section */
		048E812F1C86961600EE7A80 /* Resources */ = {
			isa = PBXResourcesBuildPhase;
			buildActionMask = 2147483647;
			files = (
				39E48CDD1EBDC8BC007AD57D /* home_menu_image@2x.png in Resources */,
				39E48CE11EBDC8BC007AD57D /* home_product_press@2x.png in Resources */,
				048E81441C86961600EE7A80 /* LaunchScreen.storyboard in Resources */,
				39E48CE41EBDC8BC007AD57D /* home_test_normal@2x.png in Resources */,
				39E48CDF1EBDC8BC007AD57D /* home_more_press@2x.png in Resources */,
				39E48CE21EBDC8BC007AD57D /* home_statistics_normal@2x.png in Resources */,
				39E48CD81EBDC8BC007AD57D /* home_calendar_press@2x.png in Resources */,
				048E81411C86961600EE7A80 /* Assets.xcassets in Resources */,
				39E48CD91EBDC8BC007AD57D /* home_evaluate_normal@2x.png in Resources */,
				39E48CE31EBDC8BC007AD57D /* home_statistics_press@2x.png in Resources */,
				39E48CDE1EBDC8BC007AD57D /* home_more_normal@2x.png in Resources */,
				39E48CE01EBDC8BC007AD57D /* home_product_normal@2x.png in Resources */,
				39E48CDA1EBDC8BC007AD57D /* home_evaluate_press@2x.png in Resources */,
				39E48CD71EBDC8BC007AD57D /* home_calendar_normal@2x.png in Resources */,
				048E813F1C86961600EE7A80 /* Main.storyboard in Resources */,
				39E48CE51EBDC8BC007AD57D /* home_test_press@2x.png in Resources */,
				39E48CDC1EBDC8BC007AD57D /* home_menu_bg_image@2x.png in Resources */,
				39E48CDB1EBDC8BC007AD57D /* home_menu_bg_image1@2x.png in Resources */,
			);
			runOnlyForDeploymentPostprocessing = 0;
		};
		048E81481C86961600EE7A80 /* Resources */ = {
			isa = PBXResourcesBuildPhase;
			buildActionMask = 2147483647;
			files = (
			);
			runOnlyForDeploymentPostprocessing = 0;
		};
		048E81531C86961600EE7A80 /* Resources */ = {
			isa = PBXResourcesBuildPhase;
			buildActionMask = 2147483647;
			files = (
			);
			runOnlyForDeploymentPostprocessing = 0;
		};
/* End PBXResourcesBuildPhase section */

/* Begin PBXSourcesBuildPhase section */
		048E812D1C86961600EE7A80 /* Sources */ = {
			isa = PBXSourcesBuildPhase;
			buildActionMask = 2147483647;
			files = (
				39E48D161EBDCD7A007AD57D /* TwoViewController.m in Sources */,
				048E813C1C86961600EE7A80 /* ViewController.m in Sources */,
				39E48D221EBDCEDC007AD57D /* BaseViewController.m in Sources */,
				048E81391C86961600EE7A80 /* AppDelegate.m in Sources */,
				39E48D1C1EBDCD92007AD57D /* FourViewController.m in Sources */,
				39E48D1F1EBDCD9C007AD57D /* FiveViewController.m in Sources */,
				048E81691C86965800EE7A80 /* RootViewController.m in Sources */,
				39E48D131EBDCD57007AD57D /* OneViewController.m in Sources */,
				048E81361C86961600EE7A80 /* main.m in Sources */,
				048E816D1C86974B00EE7A80 /* MenuPathView.m in Sources */,
				39E48D191EBDCD87007AD57D /* ThreeViewController.m in Sources */,
			);
			runOnlyForDeploymentPostprocessing = 0;
		};
		048E81461C86961600EE7A80 /* Sources */ = {
			isa = PBXSourcesBuildPhase;
			buildActionMask = 2147483647;
			files = (
				048E814F1C86961600EE7A80 /* HYTabBtnControllerTests.m in Sources */,
			);
			runOnlyForDeploymentPostprocessing = 0;
		};
		048E81511C86961600EE7A80 /* Sources */ = {
			isa = PBXSourcesBuildPhase;
			buildActionMask = 2147483647;
			files = (
				048E815A1C86961600EE7A80 /* HYTabBtnControllerUITests.m in Sources */,
			);
			runOnlyForDeploymentPostprocessing = 0;
		};
/* End PBXSourcesBuildPhase section */

/* Begin PBXTargetDependency section */
		048E814C1C86961600EE7A80 /* PBXTargetDependency */ = {
			isa = PBXTargetDependency;
			target = 048E81301C86961600EE7A80 /* HYTabBtnController */;
			targetProxy = 048E814B1C86961600EE7A80 /* PBXContainerItemProxy */;
		};
		048E81571C86961600EE7A80 /* PBXTargetDependency */ = {
			isa = PBXTargetDependency;
			target = 048E81301C86961600EE7A80 /* HYTabBtnController */;
			targetProxy = 048E81561C86961600EE7A80 /* PBXContainerItemProxy */;
		};
/* End PBXTargetDependency section */

/* Begin PBXVariantGroup section */
		048E813D1C86961600EE7A80 /* Main.storyboard */ = {
			isa = PBXVariantGroup;
			children = (
				048E813E1C86961600EE7A80 /* Base */,
			);
			name = Main.storyboard;
			sourceTree = "<group>";
		};
		048E81421C86961600EE7A80 /* LaunchScreen.storyboard */ = {
			isa = PBXVariantGroup;
			children = (
				048E81431C86961600EE7A80 /* Base */,
			);
			name = LaunchScreen.storyboard;
			sourceTree = "<group>";
		};
/* End PBXVariantGroup section */

/* Begin XCBuildConfiguration section */
		048E815C1C86961600EE7A80 /* Debug */ = {
			isa = XCBuildConfiguration;
			buildSettings = {
				ALWAYS_SEARCH_USER_PATHS = NO;
				CLANG_CXX_LANGUAGE_STANDARD = "gnu++0x";
				CLANG_CXX_LIBRARY = "libc++";
				CLANG_ENABLE_MODULES = YES;
				CLANG_ENABLE_OBJC_ARC = YES;
				CLANG_WARN_BOOL_CONVERSION = YES;
				CLANG_WARN_CONSTANT_CONVERSION = YES;
				CLANG_WARN_DIRECT_OBJC_ISA_USAGE = YES_ERROR;
				CLANG_WARN_EMPTY_BODY = YES;
				CLANG_WARN_ENUM_CONVERSION = YES;
				CLANG_WARN_INT_CONVERSION = YES;
				CLANG_WARN_OBJC_ROOT_CLASS = YES_ERROR;
				CLANG_WARN_UNREACHABLE_CODE = YES;
				CLANG_WARN__DUPLICATE_METHOD_MATCH = YES;
				"CODE_SIGN_IDENTITY[sdk=iphoneos*]" = "iPhone Developer";
				COPY_PHASE_STRIP = NO;
				DEBUG_INFORMATION_FORMAT = dwarf;
				ENABLE_STRICT_OBJC_MSGSEND = YES;
				ENABLE_TESTABILITY = YES;
				GCC_C_LANGUAGE_STANDARD = gnu99;
				GCC_DYNAMIC_NO_PIC = NO;
				GCC_NO_COMMON_BLOCKS = YES;
				GCC_OPTIMIZATION_LEVEL = 0;
				GCC_PREPROCESSOR_DEFINITIONS = (
					"DEBUG=1",
					"$(inherited)",
				);
				GCC_WARN_64_TO_32_BIT_CONVERSION = YES;
				GCC_WARN_ABOUT_RETURN_TYPE = YES_ERROR;
				GCC_WARN_UNDECLARED_SELECTOR = YES;
				GCC_WARN_UNINITIALIZED_AUTOS = YES_AGGRESSIVE;
				GCC_WARN_UNUSED_FUNCTION = YES;
				GCC_WARN_UNUSED_VARIABLE = YES;
				IPHONEOS_DEPLOYMENT_TARGET = 9.2;
				MTL_ENABLE_DEBUG_INFO = YES;
				ONLY_ACTIVE_ARCH = YES;
				SDKROOT = iphoneos;
				TARGETED_DEVICE_FAMILY = "1,2";
			};
			name = Debug;
		};
		048E815D1C86961600EE7A80 /* Release */ = {
			isa = XCBuildConfiguration;
			buildSettings = {
				ALWAYS_SEARCH_USER_PATHS = NO;
				CLANG_CXX_LANGUAGE_STANDARD = "gnu++0x";
				CLANG_CXX_LIBRARY = "libc++";
				CLANG_ENABLE_MODULES = YES;
				CLANG_ENABLE_OBJC_ARC = YES;
				CLANG_WARN_BOOL_CONVERSION = YES;
				CLANG_WARN_CONSTANT_CONVERSION = YES;
				CLANG_WARN_DIRECT_OBJC_ISA_USAGE = YES_ERROR;
				CLANG_WARN_EMPTY_BODY = YES;
				CLANG_WARN_ENUM_CONVERSION = YES;
				CLANG_WARN_INT_CONVERSION = YES;
				CLANG_WARN_OBJC_ROOT_CLASS = YES_ERROR;
				CLANG_WARN_UNREACHABLE_CODE = YES;
				CLANG_WARN__DUPLICATE_METHOD_MATCH = YES;
				"CODE_SIGN_IDENTITY[sdk=iphoneos*]" = "iPhone Developer";
				COPY_PHASE_STRIP = NO;
				DEBUG_INFORMATION_FORMAT = "dwarf-with-dsym";
				ENABLE_NS_ASSERTIONS = NO;
				ENABLE_STRICT_OBJC_MSGSEND = YES;
				GCC_C_LANGUAGE_STANDARD = gnu99;
				GCC_NO_COMMON_BLOCKS = YES;
				GCC_WARN_64_TO_32_BIT_CONVERSION = YES;
				GCC_WARN_ABOUT_RETURN_TYPE = YES_ERROR;
				GCC_WARN_UNDECLARED_SELECTOR = YES;
				GCC_WARN_UNINITIALIZED_AUTOS = YES_AGGRESSIVE;
				GCC_WARN_UNUSED_FUNCTION = YES;
				GCC_WARN_UNUSED_VARIABLE = YES;
				IPHONEOS_DEPLOYMENT_TARGET = 9.2;
				MTL_ENABLE_DEBUG_INFO = NO;
				SDKROOT = iphoneos;
				TARGETED_DEVICE_FAMILY = "1,2";
				VALIDATE_PRODUCT = YES;
			};
			name = Release;
		};
		048E815F1C86961600EE7A80 /* Debug */ = {
			isa = XCBuildConfiguration;
			buildSettings = {
				ASSETCATALOG_COMPILER_APPICON_NAME = AppIcon;
				DEVELOPMENT_TEAM = 5C5VZ6884A;
				INFOPLIST_FILE = HYTabBtnController/Info.plist;
				IPHONEOS_DEPLOYMENT_TARGET = 9.0;
				LD_RUNPATH_SEARCH_PATHS = "$(inherited) @executable_path/Frameworks";
				PRODUCT_BUNDLE_IDENTIFIER = Hawley.HYTabBtnController;
				PRODUCT_NAME = "$(TARGET_NAME)";
			};
			name = Debug;
		};
		048E81601C86961600EE7A80 /* Release */ = {
			isa = XCBuildConfiguration;
			buildSettings = {
				ASSETCATALOG_COMPILER_APPICON_NAME = AppIcon;
				DEVELOPMENT_TEAM = 5C5VZ6884A;
				INFOPLIST_FILE = HYTabBtnController/Info.plist;
				IPHONEOS_DEPLOYMENT_TARGET = 9.0;
				LD_RUNPATH_SEARCH_PATHS = "$(inherited) @executable_path/Frameworks";
				PRODUCT_BUNDLE_IDENTIFIER = Hawley.HYTabBtnController;
				PRODUCT_NAME = "$(TARGET_NAME)";
			};
			name = Release;
		};
		048E81621C86961600EE7A80 /* Debug */ = {
			isa = XCBuildConfiguration;
			buildSettings = {
				BUNDLE_LOADER = "$(TEST_HOST)";
				INFOPLIST_FILE = HYTabBtnControllerTests/Info.plist;
				LD_RUNPATH_SEARCH_PATHS = "$(inherited) @executable_path/Frameworks @loader_path/Frameworks";
				PRODUCT_BUNDLE_IDENTIFIER = Hawley.HYTabBtnControllerTests;
				PRODUCT_NAME = "$(TARGET_NAME)";
				TEST_HOST = "$(BUILT_PRODUCTS_DIR)/HYTabBtnController.app/HYTabBtnController";
			};
			name = Debug;
		};
		048E81631C86961600EE7A80 /* Release */ = {
			isa = XCBuildConfiguration;
			buildSettings = {
				BUNDLE_LOADER = "$(TEST_HOST)";
				INFOPLIST_FILE = HYTabBtnControllerTests/Info.plist;
				LD_RUNPATH_SEARCH_PATHS = "$(inherited) @executable_path/Frameworks @loader_path/Frameworks";
				PRODUCT_BUNDLE_IDENTIFIER = Hawley.HYTabBtnControllerTests;
				PRODUCT_NAME = "$(TARGET_NAME)";
				TEST_HOST = "$(BUILT_PRODUCTS_DIR)/HYTabBtnController.app/HYTabBtnController";
			};
			name = Release;
		};
		048E81651C86961600EE7A80 /* Debug */ = {
			isa = XCBuildConfiguration;
			buildSettings = {
				INFOPLIST_FILE = HYTabBtnControllerUITests/Info.plist;
				LD_RUNPATH_SEARCH_PATHS = "$(inherited) @executable_path/Frameworks @loader_path/Frameworks";
				PRODUCT_BUNDLE_IDENTIFIER = Hawley.HYTabBtnControllerUITests;
				PRODUCT_NAME = "$(TARGET_NAME)";
				TEST_TARGET_NAME = HYTabBtnController;
				USES_XCTRUNNER = YES;
			};
			name = Debug;
		};
		048E81661C86961600EE7A80 /* Release */ = {
			isa = XCBuildConfiguration;
			buildSettings = {
				INFOPLIST_FILE = HYTabBtnControllerUITests/Info.plist;
				LD_RUNPATH_SEARCH_PATHS = "$(inherited) @executable_path/Frameworks @loader_path/Frameworks";
				PRODUCT_BUNDLE_IDENTIFIER = Hawley.HYTabBtnControllerUITests;
				PRODUCT_NAME = "$(TARGET_NAME)";
				TEST_TARGET_NAME = HYTabBtnController;
				USES_XCTRUNNER = YES;
			};
			name = Release;
		};
/* End XCBuildConfiguration section */

/* Begin XCConfigurationList section */
		048E812C1C86961600EE7A80 /* Build configuration list for PBXProject "HYTabBtnController" */ = {
			isa = XCConfigurationList;
			buildConfigurations = (
				048E815C1C86961600EE7A80 /* Debug */,
				048E815D1C86961600EE7A80 /* Release */,
			);
			defaultConfigurationIsVisible = 0;
			defaultConfigurationName = Release;
		};
		048E815E1C86961600EE7A80 /* Build configuration list for PBXNativeTarget "HYTabBtnController" */ = {
			isa = XCConfigurationList;
			buildConfigurations = (
				048E815F1C86961600EE7A80 /* Debug */,
				048E81601C86961600EE7A80 /* Release */,
			);
			defaultConfigurationIsVisible = 0;
			defaultConfigurationName = Release;
		};
		048E81611C86961600EE7A80 /* Build configuration list for PBXNativeTarget "HYTabBtnControllerTests" */ = {
			isa = XCConfigurationList;
			buildConfigurations = (
				048E81621C86961600EE7A80 /* Debug */,
				048E81631C86961600EE7A80 /* Release */,
			);
			defaultConfigurationIsVisible = 0;
			defaultConfigurationName = Release;
		};
		048E81641C86961600EE7A80 /* Build configuration list for PBXNativeTarget "HYTabBtnControllerUITests" */ = {
			isa = XCConfigurationList;
			buildConfigurations = (
				048E81651C86961600EE7A80 /* Debug */,
				048E81661C86961600EE7A80 /* Release */,
			);
			defaultConfigurationIsVisible = 0;
			defaultConfigurationName = Release;
		};
/* End XCConfigurationList section */
	};
	rootObject = 048E81291C86961600EE7A80 /* Project object */;
}
